
Microsoft Visual Studio Solution File, Format Version 12.00
# Visual Studio Version 17
VisualStudioVersion = 17.4.33103.184
MinimumVisualStudioVersion = 10.0.40219.1
Project("{FAE04EC0-301F-11D3-BF4B-00C04F79EFBC}") = "NET47", "NET47.csproj", "{5A1B362F-543C-4AEE-8A68-B4B7795E9C07}"
EndProject
Project("{FAE04EC0-301F-11D3-BF4B-00C04F79EFBC}") = "NET6", "NET6.csproj", "{65749242-8431-4E25-BE1F-33E9B7EBDA70}"
EndProject
Project("{FAE04EC0-301F-11D3-BF4B-00C04F79EFBC}") = "NETFrameworkMultiTarget", "NETFrameworkMultiTarget.csproj", "{2795E574-B293-4FDD-87A8-28B10E043F3C}"
EndProject
Project("{FAE04EC0-301F-11D3-BF4B-00C04F79EFBC}") = "NETCoreMultiTarget", "NETCoreMultiTarget.csproj", "{8F642276-975D-41C5-826D-9787F6837AB0}"
EndProject
Global
	GlobalSection(SolutionConfigurationPlatforms) = preSolution
		Debug|Any CPU = Debug|Any CPU
		Release|Any CPU = Release|Any CPU
	EndGlobalSection
	GlobalSection(ProjectConfigurationPlatforms) = postSolution
		{5A1B362F-543C-4AEE-8A68-B4B7795E9C07}.Debug|Any CPU.ActiveCfg = Debug|Any CPU
		{5A1B362F-543C-4AEE-8A68-B4B7795E9C07}.Debug|Any CPU.Build.0 = Debug|Any CPU
		{5A1B362F-543C-4AEE-8A68-B4B7795E9C07}.Release|Any CPU.ActiveCfg = Release|Any CPU
		{5A1B362F-543C-4AEE-8A68-B4B7795E9C07}.Release|Any CPU.Build.0 = Release|Any CPU
		{65749242-8431-4E25-BE1F-33E9B7EBDA70}.Debug|Any CPU.ActiveCfg = Debug|Any CPU
		{65749242-8431-4E25-BE1F-33E9B7EBDA70}.Debug|Any CPU.Build.0 = Debug|Any CPU
		{65749242-8431-4E25-BE1F-33E9B7EBDA70}.Release|Any CPU.ActiveCfg = Release|Any CPU
		{65749242-8431-4E25-BE1F-33E9B7EBDA70}.Release|Any CPU.Build.0 = Release|Any CPU
		{2795E574-B293-4FDD-87A8-28B10E043F3C}.Debug|Any CPU.ActiveCfg = Debug|Any CPU
		{2795E574-B293-4FDD-87A8-28B10E043F3C}.Debug|Any CPU.Build.0 = Debug|Any CPU
		{2795E574-B293-4FDD-87A8-28B10E043F3C}.Release|Any CPU.ActiveCfg = Release|Any CPU
		{2795E574-B293-4FDD-87A8-28B10E043F3C}.Release|Any CPU.Build.0 = Release|Any CPU
		{8F642276-975D-41C5-826D-9787F6837AB0}.Debug|Any CPU.ActiveCfg = Debug|Any CPU
		{8F642276-975D-41C5-826D-9787F6837AB0}.Debug|Any CPU.Build.0 = Debug|Any CPU
		{8F642276-975D-41C5-826D-9787F6837AB0}.Release|Any CPU.ActiveCfg = Release|Any CPU
		{8F642276-975D-41C5-826D-9787F6837AB0}.Release|Any CPU.Build.0 = Release|Any CPU
	EndGlobalSection
	GlobalSection(SolutionProperties) = preSolution
		HideSolutionNode = FALSE
	EndGlobalSection
	GlobalSection(ExtensibilityGlobals) = postSolution
		SolutionGuid = {41E1D8CF-6E94-4448-8147-CEBDD276A9DC}
	EndGlobalSection
EndGlobal
